
Microsoft Visual Studio Solution File, Format Version 11.00
# Visual Studio 2010
Project("{8BC9CEB8-8B4A-11D0-8D11-00A0C91BC942}") = "lcs100", "lcs100.vcxproj", "{3B9C9A83-928B-4268-8E3A-DF6674929985}"
EndProject
Project("{8BC9CEB8-8B4A-11D0-8D11-00A0C91BC942}") = "lcs100_test", "lcs100_test\lcs100_test.vcxproj", "{956A831E-58E9-44E0-BE63-EB301D422713}"
EndProject
Global
	GlobalSection(SolutionConfigurationPlatforms) = preSolution
		Debug|Any CPU = Debug|Any CPU
		Debug|Mixed Platforms = Debug|Mixed Platforms
		Debug|Win32 = Debug|Win32
		Release|Any CPU = Release|Any CPU
		Release|Mixed Platforms = Release|Mixed Platforms
		Release|Win32 = Release|Win32
		sdkexe|Any CPU = sdkexe|Any CPU
		sdkexe|Mixed Platforms = sdkexe|Mixed Platforms
		sdkexe|Win32 = sdkexe|Win32
	EndGlobalSection
	GlobalSection(ProjectConfigurationPlatforms) = postSolution
		{3B9C9A83-928B-4268-8E3A-DF6674929985}.Debug|Any CPU.ActiveCfg = Debug|Win32
		{3B9C9A83-928B-4268-8E3A-DF6674929985}.Debug|Mixed Platforms.ActiveCfg = Debug|Win32
		{3B9C9A83-928B-4268-8E3A-DF6674929985}.Debug|Mixed Platforms.Build.0 = Debug|Win32
		{3B9C9A83-928B-4268-8E3A-DF6674929985}.Debug|Win32.ActiveCfg = Debug|Win32
		{3B9C9A83-928B-4268-8E3A-DF6674929985}.Debug|Win32.Build.0 = Debug|Win32
		{3B9C9A83-928B-4268-8E3A-DF6674929985}.Release|Any CPU.ActiveCfg = Release|Win32
		{3B9C9A83-928B-4268-8E3A-DF6674929985}.Release|Mixed Platforms.ActiveCfg = Release|Win32
		{3B9C9A83-928B-4268-8E3A-DF6674929985}.Release|Mixed Platforms.Build.0 = Release|Win32
		{3B9C9A83-928B-4268-8E3A-DF6674929985}.Release|Win32.ActiveCfg = Release|Win32
		{3B9C9A83-928B-4268-8E3A-DF6674929985}.Release|Win32.Build.0 = Release|Win32
		{3B9C9A83-928B-4268-8E3A-DF6674929985}.sdkexe|Any CPU.ActiveCfg = sdkexe|Win32
		{3B9C9A83-928B-4268-8E3A-DF6674929985}.sdkexe|Mixed Platforms.ActiveCfg = sdkexe|Win32
		{3B9C9A83-928B-4268-8E3A-DF6674929985}.sdkexe|Mixed Platforms.Build.0 = sdkexe|Win32
		{3B9C9A83-928B-4268-8E3A-DF6674929985}.sdkexe|Win32.ActiveCfg = sdkexe|Win32
		{3B9C9A83-928B-4268-8E3A-DF6674929985}.sdkexe|Win32.Build.0 = sdkexe|Win32
		{956A831E-58E9-44E0-BE63-EB301D422713}.Debug|Any CPU.ActiveCfg = Debug|Win32
		{956A831E-58E9-44E0-BE63-EB301D422713}.Debug|Mixed Platforms.ActiveCfg = Debug|Win32
		{956A831E-58E9-44E0-BE63-EB301D422713}.Debug|Mixed Platforms.Build.0 = Debug|Win32
		{956A831E-58E9-44E0-BE63-EB301D422713}.Debug|Win32.ActiveCfg = Debug|Win32
		{956A831E-58E9-44E0-BE63-EB301D422713}.Debug|Win32.Build.0 = Debug|Win32
		{956A831E-58E9-44E0-BE63-EB301D422713}.Release|Any CPU.ActiveCfg = Release|Win32
		{956A831E-58E9-44E0-BE63-EB301D422713}.Release|Mixed Platforms.ActiveCfg = Release|Win32
		{956A831E-58E9-44E0-BE63-EB301D422713}.Release|Mixed Platforms.Build.0 = Release|Win32
		{956A831E-58E9-44E0-BE63-EB301D422713}.Release|Win32.ActiveCfg = Release|Win32
		{956A831E-58E9-44E0-BE63-EB301D422713}.Release|Win32.Build.0 = Release|Win32
		{956A831E-58E9-44E0-BE63-EB301D422713}.sdkexe|Any CPU.ActiveCfg = Release|Win32
		{956A831E-58E9-44E0-BE63-EB301D422713}.sdkexe|Mixed Platforms.ActiveCfg = Release|Win32
		{956A831E-58E9-44E0-BE63-EB301D422713}.sdkexe|Mixed Platforms.Build.0 = Release|Win32
		{956A831E-58E9-44E0-BE63-EB301D422713}.sdkexe|Win32.ActiveCfg = Release|Win32
		{956A831E-58E9-44E0-BE63-EB301D422713}.sdkexe|Win32.Build.0 = Release|Win32
	EndGlobalSection
	GlobalSection(SolutionProperties) = preSolution
		HideSolutionNode = FALSE
	EndGlobalSection
EndGlobal
